PODS:
  - boost (1.76.0)
  - DoubleConversion (1.1.6)
  - FBLazyVector (0.69.8)
  - FBReactNativeSpec (0.69.8):
    - RCT-Folly (= 2021.06.28.00-v2)
    - RCTRequired (= 0.69.8)
    - RCTTypeSafety (= 0.69.8)
    - React-Core (= 0.69.8)
    - React-jsi (= 0.69.8)
    - ReactCommon/turbomodule/core (= 0.69.8)
  - Firebase/Analytics (10.3.0):
    - Firebase/Core
  - Firebase/Core (10.3.0):
    - Firebase/CoreOnly
    - FirebaseAnalytics (~> 10.3.0)
  - Firebase/CoreOnly (10.3.0):
    - FirebaseCore (= 10.3.0)
  - Firebase/Crashlytics (10.3.0):
    - Firebase/CoreOnly
    - FirebaseCrashlytics (~> 10.3.0)
  - Firebase/DynamicLinks (10.3.0):
    - Firebase/CoreOnly
    - FirebaseDynamicLinks (~> 10.3.0)
  - Firebase/Messaging (10.3.0):
    - Firebase/CoreOnly
    - FirebaseMessaging (~> 10.3.0)
  - FirebaseAnalytics (10.3.0):
    - FirebaseAnalytics/AdIdSupport (= 10.3.0)
    - FirebaseCore (~> 10.0)
    - FirebaseInstallations (~> 10.0)
    - GoogleUtilities/AppDelegateSwizzler (~> 7.8)
    - GoogleUtilities/MethodSwizzler (~> 7.8)
    - GoogleUtilities/Network (~> 7.8)
    - "GoogleUtilities/NSData+zlib (~> 7.8)"
    - nanopb (< 2.30910.0, >= 2.30908.0)
  - FirebaseAnalytics/AdIdSupport (10.3.0):
    - FirebaseCore (~> 10.0)
    - FirebaseInstallations (~> 10.0)
    - GoogleAppMeasurement (= 10.3.0)
    - GoogleUtilities/AppDelegateSwizzler (~> 7.8)
    - GoogleUtilities/MethodSwizzler (~> 7.8)
    - GoogleUtilities/Network (~> 7.8)
    - "GoogleUtilities/NSData+zlib (~> 7.8)"
    - nanopb (< 2.30910.0, >= 2.30908.0)
  - FirebaseCore (10.3.0):
    - FirebaseCoreInternal (~> 10.0)
    - GoogleUtilities/Environment (~> 7.8)
    - GoogleUtilities/Logger (~> 7.8)
  - FirebaseCoreExtension (10.3.0):
    - FirebaseCore (~> 10.0)
  - FirebaseCoreInternal (10.11.0):
    - "GoogleUtilities/NSData+zlib (~> 7.8)"
  - FirebaseCrashlytics (10.3.0):
    - FirebaseCore (~> 10.0)
    - FirebaseInstallations (~> 10.0)
    - GoogleDataTransport (~> 9.2)
    - GoogleUtilities/Environment (~> 7.8)
    - nanopb (< 2.30910.0, >= 2.30908.0)
    - PromisesObjC (~> 2.1)
  - FirebaseDynamicLinks (10.3.0):
    - FirebaseCore (~> 10.0)
  - FirebaseInstallations (10.11.0):
    - FirebaseCore (~> 10.0)
    - GoogleUtilities/Environment (~> 7.8)
    - GoogleUtilities/UserDefaults (~> 7.8)
    - PromisesObjC (~> 2.1)
  - FirebaseMessaging (10.3.0):
    - FirebaseCore (~> 10.0)
    - FirebaseInstallations (~> 10.0)
    - GoogleDataTransport (~> 9.2)
    - GoogleUtilities/AppDelegateSwizzler (~> 7.8)
    - GoogleUtilities/Environment (~> 7.8)
    - GoogleUtilities/Reachability (~> 7.8)
    - GoogleUtilities/UserDefaults (~> 7.8)
    - nanopb (< 2.30910.0, >= 2.30908.0)
  - fmt (6.2.1)
  - glog (0.3.5)
  - GoogleAppMeasurement (10.3.0):
    - GoogleAppMeasurement/AdIdSupport (= 10.3.0)
    - GoogleUtilities/AppDelegateSwizzler (~> 7.8)
    - GoogleUtilities/MethodSwizzler (~> 7.8)
    - GoogleUtilities/Network (~> 7.8)
    - "GoogleUtilities/NSData+zlib (~> 7.8)"
    - nanopb (< 2.30910.0, >= 2.30908.0)
  - GoogleAppMeasurement/AdIdSupport (10.3.0):
    - GoogleAppMeasurement/WithoutAdIdSupport (= 10.3.0)
    - GoogleUtilities/AppDelegateSwizzler (~> 7.8)
    - GoogleUtilities/MethodSwizzler (~> 7.8)
    - GoogleUtilities/Network (~> 7.8)
    - "GoogleUtilities/NSData+zlib (~> 7.8)"
    - nanopb (< 2.30910.0, >= 2.30908.0)
  - GoogleAppMeasurement/WithoutAdIdSupport (10.3.0):
    - GoogleUtilities/AppDelegateSwizzler (~> 7.8)
    - GoogleUtilities/MethodSwizzler (~> 7.8)
    - GoogleUtilities/Network (~> 7.8)
    - "GoogleUtilities/NSData+zlib (~> 7.8)"
    - nanopb (< 2.30910.0, >= 2.30908.0)
  - GoogleDataTransport (9.2.3):
    - GoogleUtilities/Environment (~> 7.7)
    - nanopb (< 2.30910.0, >= 2.30908.0)
    - PromisesObjC (< 3.0, >= 1.2)
  - GoogleUtilities/AppDelegateSwizzler (7.11.1):
    - GoogleUtilities/Environment
    - GoogleUtilities/Logger
    - GoogleUtilities/Network
  - GoogleUtilities/Environment (7.11.1):
    - PromisesObjC (< 3.0, >= 1.2)
  - GoogleUtilities/Logger (7.11.1):
    - GoogleUtilities/Environment
  - GoogleUtilities/MethodSwizzler (7.11.1):
    - GoogleUtilities/Logger
  - GoogleUtilities/Network (7.11.1):
    - GoogleUtilities/Logger
    - "GoogleUtilities/NSData+zlib"
    - GoogleUtilities/Reachability
  - "GoogleUtilities/NSData+zlib (7.11.1)"
  - GoogleUtilities/Reachability (7.11.1):
    - GoogleUtilities/Logger
  - GoogleUtilities/UserDefaults (7.11.1):
    - GoogleUtilities/Logger
  - libwebp (1.2.4):
    - libwebp/demux (= 1.2.4)
    - libwebp/mux (= 1.2.4)
    - libwebp/webp (= 1.2.4)
  - libwebp/demux (1.2.4):
    - libwebp/webp
  - libwebp/mux (1.2.4):
    - libwebp/demux
  - libwebp/webp (1.2.4)
  - nanopb (2.30909.0):
    - nanopb/decode (= 2.30909.0)
    - nanopb/encode (= 2.30909.0)
  - nanopb/decode (2.30909.0)
  - nanopb/encode (2.30909.0)
  - PromisesObjC (2.2.0)
  - RCT-Folly (2021.06.28.00-v2):
    - boost
    - DoubleConversion
    - fmt (~> 6.2.1)
    - glog
    - RCT-Folly/Default (= 2021.06.28.00-v2)
  - RCT-Folly/Default (2021.06.28.00-v2):
    - boost
    - DoubleConversion
    - fmt (~> 6.2.1)
    - glog
  - RCTRequired (0.69.8)
  - RCTTypeSafety (0.69.8):
    - FBLazyVector (= 0.69.8)
    - RCTRequired (= 0.69.8)
    - React-Core (= 0.69.8)
  - React (0.69.8):
    - React-Core (= 0.69.8)
    - React-Core/DevSupport (= 0.69.8)
    - React-Core/RCTWebSocket (= 0.69.8)
    - React-RCTActionSheet (= 0.69.8)
    - React-RCTAnimation (= 0.69.8)
    - React-RCTBlob (= 0.69.8)
    - React-RCTImage (= 0.69.8)
    - React-RCTLinking (= 0.69.8)
    - React-RCTNetwork (= 0.69.8)
    - React-RCTSettings (= 0.69.8)
    - React-RCTText (= 0.69.8)
    - React-RCTVibration (= 0.69.8)
  - React-bridging (0.69.8):
    - RCT-Folly (= 2021.06.28.00-v2)
    - React-jsi (= 0.69.8)
  - React-callinvoker (0.69.8)
  - React-Codegen (0.69.8):
    - FBReactNativeSpec (= 0.69.8)
    - RCT-Folly (= 2021.06.28.00-v2)
    - RCTRequired (= 0.69.8)
    - RCTTypeSafety (= 0.69.8)
    - React-Core (= 0.69.8)
    - React-jsi (= 0.69.8)
    - React-jsiexecutor (= 0.69.8)
    - ReactCommon/turbomodule/core (= 0.69.8)
  - React-Core (0.69.8):
    - glog
    - RCT-Folly (= 2021.06.28.00-v2)
    - React-Core/Default (= 0.69.8)
    - React-cxxreact (= 0.69.8)
    - React-jsi (= 0.69.8)
    - React-jsiexecutor (= 0.69.8)
    - React-perflogger (= 0.69.8)
    - Yoga
  - React-Core/CoreModulesHeaders (0.69.8):
    - glog
    - RCT-Folly (= 2021.06.28.00-v2)
    - React-Core/Default
    - React-cxxreact (= 0.69.8)
    - React-jsi (= 0.69.8)
    - React-jsiexecutor (= 0.69.8)
    - React-perflogger (= 0.69.8)
    - Yoga
  - React-Core/Default (0.69.8):
    - glog
    - RCT-Folly (= 2021.06.28.00-v2)
    - React-cxxreact (= 0.69.8)
    - React-jsi (= 0.69.8)
    - React-jsiexecutor (= 0.69.8)
    - React-perflogger (= 0.69.8)
    - Yoga
  - React-Core/DevSupport (0.69.8):
    - glog
    - RCT-Folly (= 2021.06.28.00-v2)
    - React-Core/Default (= 0.69.8)
    - React-Core/RCTWebSocket (= 0.69.8)
    - React-cxxreact (= 0.69.8)
    - React-jsi (= 0.69.8)
    - React-jsiexecutor (= 0.69.8)
    - React-jsinspector (= 0.69.8)
    - React-perflogger (= 0.69.8)
    - Yoga
  - React-Core/RCTActionSheetHeaders (0.69.8):
    - glog
    - RCT-Folly (= 2021.06.28.00-v2)
    - React-Core/Default
    - React-cxxreact (= 0.69.8)
    - React-jsi (= 0.69.8)
    - React-jsiexecutor (= 0.69.8)
    - React-perflogger (= 0.69.8)
    - Yoga
  - React-Core/RCTAnimationHeaders (0.69.8):
    - glog
    - RCT-Folly (= 2021.06.28.00-v2)
    - React-Core/Default
    - React-cxxreact (= 0.69.8)
    - React-jsi (= 0.69.8)
    - React-jsiexecutor (= 0.69.8)
    - React-perflogger (= 0.69.8)
    - Yoga
  - React-Core/RCTBlobHeaders (0.69.8):
    - glog
    - RCT-Folly (= 2021.06.28.00-v2)
    - React-Core/Default
    - React-cxxreact (= 0.69.8)
    - React-jsi (= 0.69.8)
    - React-jsiexecutor (= 0.69.8)
    - React-perflogger (= 0.69.8)
    - Yoga
  - React-Core/RCTImageHeaders (0.69.8):
    - glog
    - RCT-Folly (= 2021.06.28.00-v2)
    - React-Core/Default
    - React-cxxreact (= 0.69.8)
    - React-jsi (= 0.69.8)
    - React-jsiexecutor (= 0.69.8)
    - React-perflogger (= 0.69.8)
    - Yoga
  - React-Core/RCTLinkingHeaders (0.69.8):
    - glog
    - RCT-Folly (= 2021.06.28.00-v2)
    - React-Core/Default
    - React-cxxreact (= 0.69.8)
    - React-jsi (= 0.69.8)
    - React-jsiexecutor (= 0.69.8)
    - React-perflogger (= 0.69.8)
    - Yoga
  - React-Core/RCTNetworkHeaders (0.69.8):
    - glog
    - RCT-Folly (= 2021.06.28.00-v2)
    - React-Core/Default
    - React-cxxreact (= 0.69.8)
    - React-jsi (= 0.69.8)
    - React-jsiexecutor (= 0.69.8)
    - React-perflogger (= 0.69.8)
    - Yoga
  - React-Core/RCTSettingsHeaders (0.69.8):
    - glog
    - RCT-Folly (= 2021.06.28.00-v2)
    - React-Core/Default
    - React-cxxreact (= 0.69.8)
    - React-jsi (= 0.69.8)
    - React-jsiexecutor (= 0.69.8)
    - React-perflogger (= 0.69.8)
    - Yoga
  - React-Core/RCTTextHeaders (0.69.8):
    - glog
    - RCT-Folly (= 2021.06.28.00-v2)
    - React-Core/Default
    - React-cxxreact (= 0.69.8)
    - React-jsi (= 0.69.8)
    - React-jsiexecutor (= 0.69.8)
    - React-perflogger (= 0.69.8)
    - Yoga
  - React-Core/RCTVibrationHeaders (0.69.8):
    - glog
    - RCT-Folly (= 2021.06.28.00-v2)
    - React-Core/Default
    - React-cxxreact (= 0.69.8)
    - React-jsi (= 0.69.8)
    - React-jsiexecutor (= 0.69.8)
    - React-perflogger (= 0.69.8)
    - Yoga
  - React-Core/RCTWebSocket (0.69.8):
    - glog
    - RCT-Folly (= 2021.06.28.00-v2)
    - React-Core/Default (= 0.69.8)
    - React-cxxreact (= 0.69.8)
    - React-jsi (= 0.69.8)
    - React-jsiexecutor (= 0.69.8)
    - React-perflogger (= 0.69.8)
    - Yoga
  - React-CoreModules (0.69.8):
    - RCT-Folly (= 2021.06.28.00-v2)
    - RCTTypeSafety (= 0.69.8)
    - React-Codegen (= 0.69.8)
    - React-Core/CoreModulesHeaders (= 0.69.8)
    - React-jsi (= 0.69.8)
    - React-RCTImage (= 0.69.8)
    - ReactCommon/turbomodule/core (= 0.69.8)
  - React-cxxreact (0.69.8):
    - boost (= 1.76.0)
    - DoubleConversion
    - glog
    - RCT-Folly (= 2021.06.28.00-v2)
    - React-callinvoker (= 0.69.8)
    - React-jsi (= 0.69.8)
    - React-jsinspector (= 0.69.8)
    - React-logger (= 0.69.8)
    - React-perflogger (= 0.69.8)
    - React-runtimeexecutor (= 0.69.8)
  - React-jsi (0.69.8):
    - boost (= 1.76.0)
    - DoubleConversion
    - glog
    - RCT-Folly (= 2021.06.28.00-v2)
    - React-jsi/Default (= 0.69.8)
  - React-jsi/Default (0.69.8):
    - boost (= 1.76.0)
    - DoubleConversion
    - glog
    - RCT-Folly (= 2021.06.28.00-v2)
  - React-jsiexecutor (0.69.8):
    - DoubleConversion
    - glog
    - RCT-Folly (= 2021.06.28.00-v2)
    - React-cxxreact (= 0.69.8)
    - React-jsi (= 0.69.8)
    - React-perflogger (= 0.69.8)
  - React-jsinspector (0.69.8)
  - React-logger (0.69.8):
    - glog
  - react-native-background-timer (2.4.1):
    - React-Core
  - react-native-blob-util (0.17.2):
    - React-Core
  - react-native-document-picker (5.2.0):
    - React-Core
  - react-native-netinfo (9.3.10):
    - React-Core
  - react-native-render-html (6.3.4):
    - React-Core
  - react-native-safe-area-context (3.3.2):
    - React-Core
  - react-native-simple-toast (1.1.4):
    - React-Core
    - Toast (~> 4.0.0)
  - react-native-slider (4.4.2):
    - React-Core
  - react-native-track-player (3.2.0):
    - React-Core
    - SwiftAudioEx (= 0.15.3)
  - React-perflogger (0.69.8)
  - React-RCTActionSheet (0.69.8):
    - React-Core/RCTActionSheetHeaders (= 0.69.8)
  - React-RCTAnimation (0.69.8):
    - RCT-Folly (= 2021.06.28.00-v2)
    - RCTTypeSafety (= 0.69.8)
    - React-Codegen (= 0.69.8)
    - React-Core/RCTAnimationHeaders (= 0.69.8)
    - React-jsi (= 0.69.8)
    - ReactCommon/turbomodule/core (= 0.69.8)
  - React-RCTBlob (0.69.8):
    - RCT-Folly (= 2021.06.28.00-v2)
    - React-Codegen (= 0.69.8)
    - React-Core/RCTBlobHeaders (= 0.69.8)
    - React-Core/RCTWebSocket (= 0.69.8)
    - React-jsi (= 0.69.8)
    - React-RCTNetwork (= 0.69.8)
    - ReactCommon/turbomodule/core (= 0.69.8)
  - React-RCTImage (0.69.8):
    - RCT-Folly (= 2021.06.28.00-v2)
    - RCTTypeSafety (= 0.69.8)
    - React-Codegen (= 0.69.8)
    - React-Core/RCTImageHeaders (= 0.69.8)
    - React-jsi (= 0.69.8)
    - React-RCTNetwork (= 0.69.8)
    - ReactCommon/turbomodule/core (= 0.69.8)
  - React-RCTLinking (0.69.8):
    - React-Codegen (= 0.69.8)
    - React-Core/RCTLinkingHeaders (= 0.69.8)
    - React-jsi (= 0.69.8)
    - ReactCommon/turbomodule/core (= 0.69.8)
  - React-RCTNetwork (0.69.8):
    - RCT-Folly (= 2021.06.28.00-v2)
    - RCTTypeSafety (= 0.69.8)
    - React-Codegen (= 0.69.8)
    - React-Core/RCTNetworkHeaders (= 0.69.8)
    - React-jsi (= 0.69.8)
    - ReactCommon/turbomodule/core (= 0.69.8)
  - React-RCTSettings (0.69.8):
    - RCT-Folly (= 2021.06.28.00-v2)
    - RCTTypeSafety (= 0.69.8)
    - React-Codegen (= 0.69.8)
    - React-Core/RCTSettingsHeaders (= 0.69.8)
    - React-jsi (= 0.69.8)
    - ReactCommon/turbomodule/core (= 0.69.8)
  - React-RCTText (0.69.8):
    - React-Core/RCTTextHeaders (= 0.69.8)
  - React-RCTVibration (0.69.8):
    - RCT-Folly (= 2021.06.28.00-v2)
    - React-Codegen (= 0.69.8)
    - React-Core/RCTVibrationHeaders (= 0.69.8)
    - React-jsi (= 0.69.8)
    - ReactCommon/turbomodule/core (= 0.69.8)
  - React-runtimeexecutor (0.69.8):
    - React-jsi (= 0.69.8)
  - ReactCommon/turbomodule/core (0.69.8):
    - DoubleConversion
    - glog
    - RCT-Folly (= 2021.06.28.00-v2)
    - React-bridging (= 0.69.8)
    - React-callinvoker (= 0.69.8)
    - React-Core (= 0.69.8)
    - React-cxxreact (= 0.69.8)
    - React-jsi (= 0.69.8)
    - React-logger (= 0.69.8)
    - React-perflogger (= 0.69.8)
  - ReactNativeExceptionHandler (2.10.10):
    - React-Core
  - RNCAsyncStorage (1.18.1):
    - React-Core
  - RNCPicker (2.4.8):
    - React-Core
  - RNCPushNotificationIOS (1.10.1):
    - React-Core
  - RNDeviceInfo (8.7.1):
    - React-Core
  - RNFastImage (8.6.3):
    - React-Core
    - SDWebImage (~> 5.11.1)
    - SDWebImageWebPCoder (~> 0.8.4)
  - RNFBAnalytics (16.7.0):
    - Firebase/Analytics (= 10.3.0)
    - React-Core
    - RNFBApp
  - RNFBApp (16.7.0):
    - Firebase/CoreOnly (= 10.3.0)
    - React-Core
  - RNFBCrashlytics (16.7.0):
    - Firebase/Crashlytics (= 10.3.0)
    - FirebaseCoreExtension (= 10.3.0)
    - React-Core
    - RNFBApp
  - RNFBDynamicLinks (16.7.0):
    - Firebase/DynamicLinks (= 10.3.0)
    - GoogleUtilities/AppDelegateSwizzler
    - React-Core
    - RNFBApp
  - RNFBMessaging (16.7.0):
    - Firebase/Messaging (= 10.3.0)
    - FirebaseCoreExtension (= 10.3.0)
    - React-Core
    - RNFBApp
  - RNFlashList (1.4.1):
    - React-Core
  - RNGestureHandler (2.9.0):
    - React-Core
  - RNReanimated (3.0.2):
    - DoubleConversion
    - FBLazyVector
    - FBReactNativeSpec
    - glog
    - RCT-Folly
    - RCTRequired
    - RCTTypeSafety
    - React-callinvoker
    - React-Core
    - React-Core/DevSupport
    - React-Core/RCTWebSocket
    - React-CoreModules
    - React-cxxreact
    - React-jsi
    - React-jsiexecutor
    - React-jsinspector
    - React-RCTActionSheet
    - React-RCTAnimation
    - React-RCTBlob
    - React-RCTImage
    - React-RCTLinking
    - React-RCTNetwork
    - React-RCTSettings
    - React-RCTText
    - ReactCommon/turbomodule/core
    - Yoga
  - RNScreens (3.20.0):
    - React-Core
    - React-RCTImage
  - RNSVG (13.8.0):
    - React-Core
  - RNUxcam (5.4.5):
    - React-Core
    - UXCam (~> 3.5.3)
  - RNVectorIcons (9.2.0):
    - React-Core
  - SDWebImage (5.11.1):
    - SDWebImage/Core (= 5.11.1)
  - SDWebImage/Core (5.11.1)
  - SDWebImageWebPCoder (0.8.5):
    - libwebp (~> 1.0)
    - SDWebImage/Core (~> 5.10)
  - simdjson (3.1.0-wmelon1)
  - SwiftAudioEx (0.15.3)
  - Toast (4.0.0)
  - UXCam (3.5.3)
  - WatermelonDB (0.26.0-9):
    - React
    - simdjson
  - Yoga (1.14.0)

DEPENDENCIES:
  - boost (from `../node_modules/react-native/third-party-podspecs/boost.podspec`)
  - DoubleConversion (from `../node_modules/react-native/third-party-podspecs/DoubleConversion.podspec`)
  - FBLazyVector (from `../node_modules/react-native/Libraries/FBLazyVector`)
  - FBReactNativeSpec (from `../node_modules/react-native/React/FBReactNativeSpec`)
  - glog (from `../node_modules/react-native/third-party-podspecs/glog.podspec`)
  - RCT-Folly (from `../node_modules/react-native/third-party-podspecs/RCT-Folly.podspec`)
  - RCTRequired (from `../node_modules/react-native/Libraries/RCTRequired`)
  - RCTTypeSafety (from `../node_modules/react-native/Libraries/TypeSafety`)
  - React (from `../node_modules/react-native/`)
  - React-bridging (from `../node_modules/react-native/ReactCommon`)
  - React-callinvoker (from `../node_modules/react-native/ReactCommon/callinvoker`)
  - React-Codegen (from `build/generated/ios`)
  - React-Core (from `../node_modules/react-native/`)
  - React-Core/RCTWebSocket (from `../node_modules/react-native/`)
  - React-CoreModules (from `../node_modules/react-native/React/CoreModules`)
  - React-cxxreact (from `../node_modules/react-native/ReactCommon/cxxreact`)
  - React-jsi (from `../node_modules/react-native/ReactCommon/jsi`)
  - React-jsiexecutor (from `../node_modules/react-native/ReactCommon/jsiexecutor`)
  - React-jsinspector (from `../node_modules/react-native/ReactCommon/jsinspector`)
  - React-logger (from `../node_modules/react-native/ReactCommon/logger`)
  - react-native-background-timer (from `../node_modules/react-native-background-timer`)
  - react-native-blob-util (from `../node_modules/react-native-blob-util`)
  - react-native-document-picker (from `../node_modules/react-native-document-picker`)
  - "react-native-netinfo (from `../node_modules/@react-native-community/netinfo`)"
  - react-native-render-html (from `../node_modules/react-native-render-html`)
  - react-native-safe-area-context (from `../node_modules/react-native-safe-area-context`)
  - react-native-simple-toast (from `../node_modules/react-native-simple-toast`)
  - "react-native-slider (from `../node_modules/@react-native-community/slider`)"
  - react-native-track-player (from `../node_modules/react-native-track-player`)
  - React-perflogger (from `../node_modules/react-native/ReactCommon/reactperflogger`)
  - React-RCTActionSheet (from `../node_modules/react-native/Libraries/ActionSheetIOS`)
  - React-RCTAnimation (from `../node_modules/react-native/Libraries/NativeAnimation`)
  - React-RCTBlob (from `../node_modules/react-native/Libraries/Blob`)
  - React-RCTImage (from `../node_modules/react-native/Libraries/Image`)
  - React-RCTLinking (from `../node_modules/react-native/Libraries/LinkingIOS`)
  - React-RCTNetwork (from `../node_modules/react-native/Libraries/Network`)
  - React-RCTSettings (from `../node_modules/react-native/Libraries/Settings`)
  - React-RCTText (from `../node_modules/react-native/Libraries/Text`)
  - React-RCTVibration (from `../node_modules/react-native/Libraries/Vibration`)
  - React-runtimeexecutor (from `../node_modules/react-native/ReactCommon/runtimeexecutor`)
  - ReactCommon/turbomodule/core (from `../node_modules/react-native/ReactCommon`)
  - ReactNativeExceptionHandler (from `../node_modules/react-native-exception-handler`)
  - "RNCAsyncStorage (from `../node_modules/@react-native-async-storage/async-storage`)"
  - "RNCPicker (from `../node_modules/@react-native-picker/picker`)"
  - "RNCPushNotificationIOS (from `../node_modules/@react-native-community/push-notification-ios`)"
  - RNDeviceInfo (from `../node_modules/react-native-device-info`)
  - RNFastImage (from `../node_modules/react-native-fast-image`)
  - "RNFBAnalytics (from `../node_modules/@react-native-firebase/analytics`)"
  - "RNFBApp (from `../node_modules/@react-native-firebase/app`)"
  - "RNFBCrashlytics (from `../node_modules/@react-native-firebase/crashlytics`)"
  - "RNFBDynamicLinks (from `../node_modules/@react-native-firebase/dynamic-links`)"
  - "RNFBMessaging (from `../node_modules/@react-native-firebase/messaging`)"
  - "RNFlashList (from `../node_modules/@shopify/flash-list`)"
  - RNGestureHandler (from `../node_modules/react-native-gesture-handler`)
  - RNReanimated (from `../node_modules/react-native-reanimated`)
  - RNScreens (from `../node_modules/react-native-screens`)
  - RNSVG (from `../node_modules/react-native-svg`)
  - RNUxcam (from `../node_modules/react-native-ux-cam`)
  - RNVectorIcons (from `../node_modules/react-native-vector-icons`)
  - "simdjson (from `../node_modules/@nozbe/simdjson`)"
  - "WatermelonDB (from `../node_modules/@nozbe/watermelondb`)"
  - Yoga (from `../node_modules/react-native/ReactCommon/yoga`)

SPEC REPOS:
  trunk:
    - Firebase
    - FirebaseAnalytics
    - FirebaseCore
    - FirebaseCoreExtension
    - FirebaseCoreInternal
    - FirebaseCrashlytics
    - FirebaseDynamicLinks
    - FirebaseInstallations
    - FirebaseMessaging
    - fmt
    - GoogleAppMeasurement
    - GoogleDataTransport
    - GoogleUtilities
    - libwebp
    - nanopb
    - PromisesObjC
    - SDWebImage
    - SDWebImageWebPCoder
    - SwiftAudioEx
    - Toast
    - UXCam

EXTERNAL SOURCES:
  boost:
    :podspec: "../node_modules/react-native/third-party-podspecs/boost.podspec"
  DoubleConversion:
    :podspec: "../node_modules/react-native/third-party-podspecs/DoubleConversion.podspec"
  FBLazyVector:
    :path: "../node_modules/react-native/Libraries/FBLazyVector"
  FBReactNativeSpec:
    :path: "../node_modules/react-native/React/FBReactNativeSpec"
  glog:
    :podspec: "../node_modules/react-native/third-party-podspecs/glog.podspec"
  RCT-Folly:
    :podspec: "../node_modules/react-native/third-party-podspecs/RCT-Folly.podspec"
  RCTRequired:
    :path: "../node_modules/react-native/Libraries/RCTRequired"
  RCTTypeSafety:
    :path: "../node_modules/react-native/Libraries/TypeSafety"
  React:
    :path: "../node_modules/react-native/"
  React-bridging:
    :path: "../node_modules/react-native/ReactCommon"
  React-callinvoker:
    :path: "../node_modules/react-native/ReactCommon/callinvoker"
  React-Codegen:
    :path: build/generated/ios
  React-Core:
    :path: "../node_modules/react-native/"
  React-CoreModules:
    :path: "../node_modules/react-native/React/CoreModules"
  React-cxxreact:
    :path: "../node_modules/react-native/ReactCommon/cxxreact"
  React-jsi:
    :path: "../node_modules/react-native/ReactCommon/jsi"
  React-jsiexecutor:
    :path: "../node_modules/react-native/ReactCommon/jsiexecutor"
  React-jsinspector:
    :path: "../node_modules/react-native/ReactCommon/jsinspector"
  React-logger:
    :path: "../node_modules/react-native/ReactCommon/logger"
  react-native-background-timer:
    :path: "../node_modules/react-native-background-timer"
  react-native-blob-util:
    :path: "../node_modules/react-native-blob-util"
  react-native-document-picker:
    :path: "../node_modules/react-native-document-picker"
  react-native-netinfo:
    :path: "../node_modules/@react-native-community/netinfo"
  react-native-render-html:
    :path: "../node_modules/react-native-render-html"
  react-native-safe-area-context:
    :path: "../node_modules/react-native-safe-area-context"
  react-native-simple-toast:
    :path: "../node_modules/react-native-simple-toast"
  react-native-slider:
    :path: "../node_modules/@react-native-community/slider"
  react-native-track-player:
    :path: "../node_modules/react-native-track-player"
  React-perflogger:
    :path: "../node_modules/react-native/ReactCommon/reactperflogger"
  React-RCTActionSheet:
    :path: "../node_modules/react-native/Libraries/ActionSheetIOS"
  React-RCTAnimation:
    :path: "../node_modules/react-native/Libraries/NativeAnimation"
  React-RCTBlob:
    :path: "../node_modules/react-native/Libraries/Blob"
  React-RCTImage:
    :path: "../node_modules/react-native/Libraries/Image"
  React-RCTLinking:
    :path: "../node_modules/react-native/Libraries/LinkingIOS"
  React-RCTNetwork:
    :path: "../node_modules/react-native/Libraries/Network"
  React-RCTSettings:
    :path: "../node_modules/react-native/Libraries/Settings"
  React-RCTText:
    :path: "../node_modules/react-native/Libraries/Text"
  React-RCTVibration:
    :path: "../node_modules/react-native/Libraries/Vibration"
  React-runtimeexecutor:
    :path: "../node_modules/react-native/ReactCommon/runtimeexecutor"
  ReactCommon:
    :path: "../node_modules/react-native/ReactCommon"
  ReactNativeExceptionHandler:
    :path: "../node_modules/react-native-exception-handler"
  RNCAsyncStorage:
    :path: "../node_modules/@react-native-async-storage/async-storage"
  RNCPicker:
    :path: "../node_modules/@react-native-picker/picker"
  RNCPushNotificationIOS:
    :path: "../node_modules/@react-native-community/push-notification-ios"
  RNDeviceInfo:
    :path: "../node_modules/react-native-device-info"
  RNFastImage:
    :path: "../node_modules/react-native-fast-image"
  RNFBAnalytics:
    :path: "../node_modules/@react-native-firebase/analytics"
  RNFBApp:
    :path: "../node_modules/@react-native-firebase/app"
  RNFBCrashlytics:
    :path: "../node_modules/@react-native-firebase/crashlytics"
  RNFBDynamicLinks:
    :path: "../node_modules/@react-native-firebase/dynamic-links"
  RNFBMessaging:
    :path: "../node_modules/@react-native-firebase/messaging"
  RNFlashList:
    :path: "../node_modules/@shopify/flash-list"
  RNGestureHandler:
    :path: "../node_modules/react-native-gesture-handler"
  RNReanimated:
    :path: "../node_modules/react-native-reanimated"
  RNScreens:
    :path: "../node_modules/react-native-screens"
  RNSVG:
    :path: "../node_modules/react-native-svg"
  RNUxcam:
    :path: "../node_modules/react-native-ux-cam"
  RNVectorIcons:
    :path: "../node_modules/react-native-vector-icons"
  simdjson:
    :path: "../node_modules/@nozbe/simdjson"
  WatermelonDB:
    :path: "../node_modules/@nozbe/watermelondb"
  Yoga:
    :path: "../node_modules/react-native/ReactCommon/yoga"

SPEC CHECKSUMS:
  boost: a7c83b31436843459a1961bfd74b96033dc77234
  DoubleConversion: 5189b271737e1565bdce30deb4a08d647e3f5f54
  FBLazyVector: c7b6997d41fffaaaf4d18c82bc93885df731e2d0
  FBReactNativeSpec: b1217c558a3ae84c2057d9c2ddce88af21379a68
  Firebase: f92fc551ead69c94168d36c2b26188263860acd9
  FirebaseAnalytics: 036232b6a1e2918e5f67572417be1173576245f3
  FirebaseCore: 988754646ab3bd4bdcb740f1bfe26b9f6c0d5f2a
  FirebaseCoreExtension: 93d252fabdc9696bf14a73b04d84877ab9b3a832
  FirebaseCoreInternal: 9e46c82a14a3b3a25be4e1e151ce6d21536b89c0
  FirebaseCrashlytics: f20d956f8229010b645e534693c39e0b7843c268
  FirebaseDynamicLinks: 51c81d07bd63155bb56d76b0abdda79c8a3d8d02
  FirebaseInstallations: 2a2c6859354cbec0a228a863d4daf6de7c74ced4
  FirebaseMessaging: e345b219fd15d325f0cf2fef28cb8ce00d851b3f
  fmt: ff9d55029c625d3757ed641535fd4a75fedc7ce9
  glog: 3d02b25ca00c2d456734d0bcff864cbc62f6ae1a
  GoogleAppMeasurement: c7d6fff39bf2d829587d74088d582e32d75133c3
  GoogleDataTransport: f0308f5905a745f94fb91fea9c6cbaf3831cb1bd
  GoogleUtilities: 9aa0ad5a7bc171f8bae016300bfcfa3fb8425749
  libwebp: f62cb61d0a484ba548448a4bd52aabf150ff6eef
  nanopb: b552cce312b6c8484180ef47159bc0f65a1f0431
  PromisesObjC: 09985d6d70fbe7878040aa746d78236e6946d2ef
  RCT-Folly: b9d9fe1fc70114b751c076104e52f3b1b5e5a95a
  RCTRequired: 344fd6fb3c669da87e91294be7ee0199bf35c701
  RCTTypeSafety: ca608cc1d3a81229632bc0c1136b698b9337c1d8
  React: 1d76bae8d73113b202224075f0b0bd546996b328
  React-bridging: 2eb62dc8ba31194d285705cb62e24a15753aeaec
  React-callinvoker: f3cfb045a0fb185445542555d88b6acf385cbedc
  React-Codegen: df188f78387b3547be25a6d24cda2a196875afd6
  React-Core: 82c5392ab182252ce4ffbc16794e0e38b32ea9a1
  React-CoreModules: 4e891a6c0a59b01ca8406e041c7e49ab12e51d48
  React-cxxreact: 0dc4ba3d97839bd36d422592ddb0bdfa9940a990
  React-jsi: dcd936ff5e580dba0d8644ac9ee4ca47bb166df1
  React-jsiexecutor: 2cf8ea3753afb81dfcc386613dbbb0b5d155fb34
  React-jsinspector: 0eda09e9cf22bbb5dbb1d23143b03a31acf37d67
  React-logger: 5997ab008583826c10ffe4e1ff990363e975639d
  react-native-background-timer: 17ea5e06803401a379ebf1f20505b793ac44d0fe
  react-native-blob-util: 31b9463ef2efe90e841e7525d687ec69b1d71157
  react-native-document-picker: f1b5398801b332c77bc62ae0eae2116f49bdff26
  react-native-netinfo: ccbe1085dffd16592791d550189772e13bf479e2
  react-native-render-html: 984dfe2294163d04bf5fe25d7c9f122e60e05ebe
  react-native-safe-area-context: 584dc04881deb49474363f3be89e4ca0e854c057
  react-native-simple-toast: 8ee5d23f0b92b935ab7434cdb65159ce12dfb4b7
  react-native-slider: 33b8d190b59d4f67a541061bb91775d53d617d9d
  react-native-track-player: 0c26d981b5097910486cbbeb6d8f5352d41be069
  React-perflogger: ad1416a715d86b32f456e5d0aed99c3b52f1de37
  React-RCTActionSheet: cbf7c6a953982562418ee72a1084ff7b9447b558
  React-RCTAnimation: 33df3e25824dd7313edec28dded2745542f9352b
  React-RCTBlob: 2434411df0d2d0e6567445a995f6678e2cc1d8e3
  React-RCTImage: 0b912ab4255ea5ec903d06c77f5a23cea9e9c988
  React-RCTLinking: eb239c24f4f5fe79c57a2fedf45f34f40481dda3
  React-RCTNetwork: db173a6c35c1212909944920a5aa03eb8b7b9cf4
  React-RCTSettings: 687fa7538972467d80cd7729b6f86598e1369813
  React-RCTText: 605ef414f8e72bd111945d3612cd0518de612b24
  React-RCTVibration: 5462287ee85304ba1a00474665ab292e63a41663
  React-runtimeexecutor: 9df680f18497367bcf5c15b6b6406c0f2dfa2b6a
  ReactCommon: c10f046f3ef8561e7c8e7e9b9dae2ecc9ffc48ef
  ReactNativeExceptionHandler: b11ff67c78802b2f62eed0e10e75cb1ef7947c60
  RNCAsyncStorage: b90b71f45b8b97be43bc4284e71a6af48ac9f547
  RNCPicker: 0bf8ef8f7800524f32d2bb2a8bcadd53eda0ecd1
  RNCPushNotificationIOS: 87b8d16d3ede4532745e05b03c42cff33a36cc45
  RNDeviceInfo: aad3c663b25752a52bf8fce93f2354001dd185aa
  RNFastImage: 5c9c9fed9c076e521b3f509fe79e790418a544e8
  RNFBAnalytics: 36f7df880647409ecd52e80f89cd3650c4f771e5
  RNFBApp: aecfcdc0964d9bc0c5f7ba05efb50be724d8e8b3
  RNFBCrashlytics: d57e884467505ae23b91af106b6b46a6b25096b6
  RNFBDynamicLinks: 1635b3b4179b0850b45dc5093b1bc949f8e4067d
  RNFBMessaging: a647b2db61602e9981933b5fc90f1b058e61922c
  RNFlashList: 8ec7f7454721145fe84566bb9e88bcf58981c9fe
  RNGestureHandler: 071d7a9ad81e8b83fe7663b303d132406a7d8f39
  RNReanimated: 87782e7e1fd44b404cf3cc1bbab266bb9b84a35d
  RNScreens: 218801c16a2782546d30bd2026bb625c0302d70f
  RNSVG: c1e76b81c76cdcd34b4e1188852892dc280eb902
  RNUxcam: 12d2de9f0c6023b1f31abb19dea463a2c0e14d22
  RNVectorIcons: fcc2f6cb32f5735b586e66d14103a74ce6ad61f8
  SDWebImage: a7f831e1a65eb5e285e3fb046a23fcfbf08e696d
  SDWebImageWebPCoder: 908b83b6adda48effe7667cd2b7f78c897e5111d
  simdjson: e6bfae9ce4bcdc80452d388d593816f1ca2106f3
  SwiftAudioEx: 83eabba2940924fc1c0d5cb0896049921365229c
  Toast: 91b396c56ee72a5790816f40d3a94dd357abc196
  UXCam: b4a5cc96965b2f783b8c2c3bc0465cb614972a34
  WatermelonDB: 3fca7f6c84c7a2603ab9109bec258b92ad1e2e0c
  Yoga: d3820731e0ca3a4933f061ad29defaf7726e3251

PODFILE CHECKSUM: 4728ac6061fc0d3028119bba088c0c25c4947d95

COCOAPODS: 1.11.3
